
Microsoft Visual Studio Solution File, Format Version 11.00
# Visual Studio 2010
Project("{FAE04EC0-301F-11D3-BF4B-00C04F79EFBC}") = "src", "src\src.csproj", "{347EF6DB-F563-40FF-A645-BB7AD2B1AE84}"
EndProject
Project("{FAE04EC0-301F-11D3-BF4B-00C04F79EFBC}") = "src-test", "src-test\src-test.csproj", "{5D3D1AA9-277D-401D-B17F-C2991DC542A0}"
EndProject
Project("{FAE04EC0-301F-11D3-BF4B-00C04F79EFBC}") = "MemorySpool", "MemorySpool\MemorySpool.csproj", "{060DAE15-B425-43B4-8F9A-29CB1FE1F368}"
EndProject
Project("{FAE04EC0-301F-11D3-BF4B-00C04F79EFBC}") = "FileSpool", "FileSpool\FileSpool.csproj", "{492EFB34-F456-4A47-8011-EA211B72FF9D}"
EndProject
Global
	GlobalSection(SolutionConfigurationPlatforms) = preSolution
		Debug|Any CPU = Debug|Any CPU
		Debug|Mixed Platforms = Debug|Mixed Platforms
		Release|Any CPU = Release|Any CPU
		Release|Mixed Platforms = Release|Mixed Platforms
	EndGlobalSection
	GlobalSection(ProjectConfigurationPlatforms) = postSolution
		{347EF6DB-F563-40FF-A645-BB7AD2B1AE84}.Debug|Any CPU.ActiveCfg = Debug|x86
		{347EF6DB-F563-40FF-A645-BB7AD2B1AE84}.Debug|Any CPU.Build.0 = Debug|x86
		{347EF6DB-F563-40FF-A645-BB7AD2B1AE84}.Debug|Mixed Platforms.ActiveCfg = Debug|x86
		{347EF6DB-F563-40FF-A645-BB7AD2B1AE84}.Debug|Mixed Platforms.Build.0 = Debug|x86
		{347EF6DB-F563-40FF-A645-BB7AD2B1AE84}.Release|Any CPU.ActiveCfg = Release|x86
		{347EF6DB-F563-40FF-A645-BB7AD2B1AE84}.Release|Any CPU.Build.0 = Release|x86
		{347EF6DB-F563-40FF-A645-BB7AD2B1AE84}.Release|Mixed Platforms.ActiveCfg = Release|x86
		{347EF6DB-F563-40FF-A645-BB7AD2B1AE84}.Release|Mixed Platforms.Build.0 = Release|x86
		{5D3D1AA9-277D-401D-B17F-C2991DC542A0}.Debug|Any CPU.ActiveCfg = Debug|x86
		{5D3D1AA9-277D-401D-B17F-C2991DC542A0}.Debug|Any CPU.Build.0 = Debug|x86
		{5D3D1AA9-277D-401D-B17F-C2991DC542A0}.Debug|Mixed Platforms.ActiveCfg = Debug|x86
		{5D3D1AA9-277D-401D-B17F-C2991DC542A0}.Debug|Mixed Platforms.Build.0 = Debug|x86
		{5D3D1AA9-277D-401D-B17F-C2991DC542A0}.Release|Any CPU.ActiveCfg = Release|x86
		{5D3D1AA9-277D-401D-B17F-C2991DC542A0}.Release|Any CPU.Build.0 = Release|x86
		{5D3D1AA9-277D-401D-B17F-C2991DC542A0}.Release|Mixed Platforms.ActiveCfg = Release|x86
		{5D3D1AA9-277D-401D-B17F-C2991DC542A0}.Release|Mixed Platforms.Build.0 = Release|x86
		{060DAE15-B425-43B4-8F9A-29CB1FE1F368}.Debug|Any CPU.ActiveCfg = Debug|Any CPU
		{060DAE15-B425-43B4-8F9A-29CB1FE1F368}.Debug|Any CPU.Build.0 = Debug|Any CPU
		{060DAE15-B425-43B4-8F9A-29CB1FE1F368}.Debug|Mixed Platforms.ActiveCfg = Debug|Any CPU
		{060DAE15-B425-43B4-8F9A-29CB1FE1F368}.Debug|Mixed Platforms.Build.0 = Debug|Any CPU
		{060DAE15-B425-43B4-8F9A-29CB1FE1F368}.Release|Any CPU.ActiveCfg = Release|Any CPU
		{060DAE15-B425-43B4-8F9A-29CB1FE1F368}.Release|Any CPU.Build.0 = Release|Any CPU
		{060DAE15-B425-43B4-8F9A-29CB1FE1F368}.Release|Mixed Platforms.ActiveCfg = Release|Any CPU
		{060DAE15-B425-43B4-8F9A-29CB1FE1F368}.Release|Mixed Platforms.Build.0 = Release|Any CPU
		{492EFB34-F456-4A47-8011-EA211B72FF9D}.Debug|Any CPU.ActiveCfg = Debug|Any CPU
		{492EFB34-F456-4A47-8011-EA211B72FF9D}.Debug|Any CPU.Build.0 = Debug|Any CPU
		{492EFB34-F456-4A47-8011-EA211B72FF9D}.Debug|Mixed Platforms.ActiveCfg = Debug|Any CPU
		{492EFB34-F456-4A47-8011-EA211B72FF9D}.Debug|Mixed Platforms.Build.0 = Debug|Any CPU
		{492EFB34-F456-4A47-8011-EA211B72FF9D}.Release|Any CPU.ActiveCfg = Release|Any CPU
		{492EFB34-F456-4A47-8011-EA211B72FF9D}.Release|Any CPU.Build.0 = Release|Any CPU
		{492EFB34-F456-4A47-8011-EA211B72FF9D}.Release|Mixed Platforms.ActiveCfg = Release|Any CPU
		{492EFB34-F456-4A47-8011-EA211B72FF9D}.Release|Mixed Platforms.Build.0 = Release|Any CPU
	EndGlobalSection
	GlobalSection(SolutionProperties) = preSolution
		HideSolutionNode = FALSE
	EndGlobalSection
EndGlobal
